<Solution>
  <Folder Name="/src/" />
  <Folder Name="/src/Services/" />
  <Folder Name="/src/Services/Catalog/">
    <Project Path="src/Services/Catalog/Akiron.Catalog.Api/Akiron.Catalog.Api.csproj" />
    <Project Path="src/Services/Catalog/Akiron.Catalog.Application/Akiron.Catalog.Application.csproj" />
    <Project Path="src/Services/Catalog/Akiron.Catalog.Domain/Akiron.Catalog.Domain.csproj" />
    <Project Path="src/Services/Catalog/Akiron.Catalog.Infrastructure/Akiron.Catalog.Infrastructure.csproj" />
  </Folder>
  <Folder Name="/src/Services/Catalog/tests/">
    <Project Path="src/Services/Catalog/tests/Akiron.Catalog.IntegrationTests/Akiron.Catalog.IntegrationTests.csproj" />
    <Project Path="src/Services/Catalog/tests/Akiron.Catalog.UnitTests/Akiron.Catalog.UnitTests.csproj" />
  </Folder>
</Solution>
