
Microsoft Visual Studio Solution File, Format Version 12.00
# Visual Studio Version 17
VisualStudioVersion = 17.0.31903.59
MinimumVisualStudioVersion = 10.0.40219.1
Project("{2150E333-8FDC-42A3-9474-1A3956D46DE8}") = "src", "src", "{827E0CD3-B72D-47B6-A68D-7590B98EB39B}"
EndProject
Project("{2150E333-8FDC-42A3-9474-1A3956D46DE8}") = "Services", "Services", "{984BB9B3-3FA3-BE33-9484-CAC21695A33C}"
EndProject
Project("{2150E333-8FDC-42A3-9474-1A3956D46DE8}") = "Catalog", "Catalog", "{C91C1CF1-1625-0789-F869-53D87D6277BA}"
EndProject
Project("{FAE04EC0-301F-11D3-BF4B-00C04F79EFBC}") = "Akiron.Catalog.Domain", "src\Services\Catalog\Akiron.Catalog.Domain\Akiron.Catalog.Domain.csproj", "{2BB91E8C-692E-4F71-8F84-F260D80E8184}"
EndProject
Project("{FAE04EC0-301F-11D3-BF4B-00C04F79EFBC}") = "Akiron.Catalog.Application", "src\Services\Catalog\Akiron.Catalog.Application\Akiron.Catalog.Application.csproj", "{8788CA2C-6E0A-4D21-A153-240B3400E64C}"
EndProject
Project("{FAE04EC0-301F-11D3-BF4B-00C04F79EFBC}") = "Akiron.Catalog.Infrastructure", "src\Services\Catalog\Akiron.Catalog.Infrastructure\Akiron.Catalog.Infrastructure.csproj", "{E03391DC-3CCE-49AA-85CA-40A467843C83}"
EndProject
Project("{FAE04EC0-301F-11D3-BF4B-00C04F79EFBC}") = "Akiron.Catalog.Api", "src\Services\Catalog\Akiron.Catalog.Api\Akiron.Catalog.Api.csproj", "{10DE29EB-45FC-41CD-B7FB-B2F6251DF1A9}"
EndProject
Project("{2150E333-8FDC-42A3-9474-1A3956D46DE8}") = "tests", "tests", "{583F9C51-22B8-59F5-4A60-045B52DD079E}"
EndProject
Project("{FAE04EC0-301F-11D3-BF4B-00C04F79EFBC}") = "Akiron.Catalog.UnitTests", "src\Services\Catalog\tests\Akiron.Catalog.UnitTests\Akiron.Catalog.UnitTests.csproj", "{9BC171A1-94D6-4D73-8760-B3AE2D07A117}"
EndProject
Project("{FAE04EC0-301F-11D3-BF4B-00C04F79EFBC}") = "Akiron.Catalog.IntegrationTests", "src\Services\Catalog\tests\Akiron.Catalog.IntegrationTests\Akiron.Catalog.IntegrationTests.csproj", "{BB8FAEB4-3EEB-44F4-8299-25446FCFE362}"
EndProject
Global
	GlobalSection(SolutionConfigurationPlatforms) = preSolution
		Debug|Any CPU = Debug|Any CPU
		Debug|x64 = Debug|x64
		Debug|x86 = Debug|x86
		Release|Any CPU = Release|Any CPU
		Release|x64 = Release|x64
		Release|x86 = Release|x86
	EndGlobalSection
	GlobalSection(ProjectConfigurationPlatforms) = postSolution
		{2BB91E8C-692E-4F71-8F84-F260D80E8184}.Debug|Any CPU.ActiveCfg = Debug|Any CPU
		{2BB91E8C-692E-4F71-8F84-F260D80E8184}.Debug|Any CPU.Build.0 = Debug|Any CPU
		{2BB91E8C-692E-4F71-8F84-F260D80E8184}.Debug|x64.ActiveCfg = Debug|Any CPU
		{2BB91E8C-692E-4F71-8F84-F260D80E8184}.Debug|x64.Build.0 = Debug|Any CPU
		{2BB91E8C-692E-4F71-8F84-F260D80E8184}.Debug|x86.ActiveCfg = Debug|Any CPU
		{2BB91E8C-692E-4F71-8F84-F260D80E8184}.Debug|x86.Build.0 = Debug|Any CPU
		{2BB91E8C-692E-4F71-8F84-F260D80E8184}.Release|Any CPU.ActiveCfg = Release|Any CPU
		{2BB91E8C-692E-4F71-8F84-F260D80E8184}.Release|Any CPU.Build.0 = Release|Any CPU
		{2BB91E8C-692E-4F71-8F84-F260D80E8184}.Release|x64.ActiveCfg = Release|Any CPU
		{2BB91E8C-692E-4F71-8F84-F260D80E8184}.Release|x64.Build.0 = Release|Any CPU
		{2BB91E8C-692E-4F71-8F84-F260D80E8184}.Release|x86.ActiveCfg = Release|Any CPU
		{2BB91E8C-692E-4F71-8F84-F260D80E8184}.Release|x86.Build.0 = Release|Any CPU
		{8788CA2C-6E0A-4D21-A153-240B3400E64C}.Debug|Any CPU.ActiveCfg = Debug|Any CPU
		{8788CA2C-6E0A-4D21-A153-240B3400E64C}.Debug|Any CPU.Build.0 = Debug|Any CPU
		{8788CA2C-6E0A-4D21-A153-240B3400E64C}.Debug|x64.ActiveCfg = Debug|Any CPU
		{8788CA2C-6E0A-4D21-A153-240B3400E64C}.Debug|x64.Build.0 = Debug|Any CPU
		{8788CA2C-6E0A-4D21-A153-240B3400E64C}.Debug|x86.ActiveCfg = Debug|Any CPU
		{8788CA2C-6E0A-4D21-A153-240B3400E64C}.Debug|x86.Build.0 = Debug|Any CPU
		{8788CA2C-6E0A-4D21-A153-240B3400E64C}.Release|Any CPU.ActiveCfg = Release|Any CPU
		{8788CA2C-6E0A-4D21-A153-240B3400E64C}.Release|Any CPU.Build.0 = Release|Any CPU
		{8788CA2C-6E0A-4D21-A153-240B3400E64C}.Release|x64.ActiveCfg = Release|Any CPU
		{8788CA2C-6E0A-4D21-A153-240B3400E64C}.Release|x64.Build.0 = Release|Any CPU
		{8788CA2C-6E0A-4D21-A153-240B3400E64C}.Release|x86.ActiveCfg = Release|Any CPU
		{8788CA2C-6E0A-4D21-A153-240B3400E64C}.Release|x86.Build.0 = Release|Any CPU
		{E03391DC-3CCE-49AA-85CA-40A467843C83}.Debug|Any CPU.ActiveCfg = Debug|Any CPU
		{E03391DC-3CCE-49AA-85CA-40A467843C83}.Debug|Any CPU.Build.0 = Debug|Any CPU
		{E03391DC-3CCE-49AA-85CA-40A467843C83}.Debug|x64.ActiveCfg = Debug|Any CPU
		{E03391DC-3CCE-49AA-85CA-40A467843C83}.Debug|x64.Build.0 = Debug|Any CPU
		{E03391DC-3CCE-49AA-85CA-40A467843C83}.Debug|x86.ActiveCfg = Debug|Any CPU
		{E03391DC-3CCE-49AA-85CA-40A467843C83}.Debug|x86.Build.0 = Debug|Any CPU
		{E03391DC-3CCE-49AA-85CA-40A467843C83}.Release|Any CPU.ActiveCfg = Release|Any CPU
		{E03391DC-3CCE-49AA-85CA-40A467843C83}.Release|Any CPU.Build.0 = Release|Any CPU
		{E03391DC-3CCE-49AA-85CA-40A467843C83}.Release|x64.ActiveCfg = Release|Any CPU
		{E03391DC-3CCE-49AA-85CA-40A467843C83}.Release|x64.Build.0 = Release|Any CPU
		{E03391DC-3CCE-49AA-85CA-40A467843C83}.Release|x86.ActiveCfg = Release|Any CPU
		{E03391DC-3CCE-49AA-85CA-40A467843C83}.Release|x86.Build.0 = Release|Any CPU
		{10DE29EB-45FC-41CD-B7FB-B2F6251DF1A9}.Debug|Any CPU.ActiveCfg = Debug|Any CPU
		{10DE29EB-45FC-41CD-B7FB-B2F6251DF1A9}.Debug|Any CPU.Build.0 = Debug|Any CPU
		{10DE29EB-45FC-41CD-B7FB-B2F6251DF1A9}.Debug|x64.ActiveCfg = Debug|Any CPU
		{10DE29EB-45FC-41CD-B7FB-B2F6251DF1A9}.Debug|x64.Build.0 = Debug|Any CPU
		{10DE29EB-45FC-41CD-B7FB-B2F6251DF1A9}.Debug|x86.ActiveCfg = Debug|Any CPU
		{10DE29EB-45FC-41CD-B7FB-B2F6251DF1A9}.Debug|x86.Build.0 = Debug|Any CPU
		{10DE29EB-45FC-41CD-B7FB-B2F6251DF1A9}.Release|Any CPU.ActiveCfg = Release|Any CPU
		{10DE29EB-45FC-41CD-B7FB-B2F6251DF1A9}.Release|Any CPU.Build.0 = Release|Any CPU
		{10DE29EB-45FC-41CD-B7FB-B2F6251DF1A9}.Release|x64.ActiveCfg = Release|Any CPU
		{10DE29EB-45FC-41CD-B7FB-B2F6251DF1A9}.Release|x64.Build.0 = Release|Any CPU
		{10DE29EB-45FC-41CD-B7FB-B2F6251DF1A9}.Release|x86.ActiveCfg = Release|Any CPU
		{10DE29EB-45FC-41CD-B7FB-B2F6251DF1A9}.Release|x86.Build.0 = Release|Any CPU
		{9BC171A1-94D6-4D73-8760-B3AE2D07A117}.Debug|Any CPU.ActiveCfg = Debug|Any CPU
		{9BC171A1-94D6-4D73-8760-B3AE2D07A117}.Debug|Any CPU.Build.0 = Debug|Any CPU
		{9BC171A1-94D6-4D73-8760-B3AE2D07A117}.Debug|x64.ActiveCfg = Debug|Any CPU
		{9BC171A1-94D6-4D73-8760-B3AE2D07A117}.Debug|x64.Build.0 = Debug|Any CPU
		{9BC171A1-94D6-4D73-8760-B3AE2D07A117}.Debug|x86.ActiveCfg = Debug|Any CPU
		{9BC171A1-94D6-4D73-8760-B3AE2D07A117}.Debug|x86.Build.0 = Debug|Any CPU
		{9BC171A1-94D6-4D73-8760-B3AE2D07A117}.Release|Any CPU.ActiveCfg = Release|Any CPU
		{9BC171A1-94D6-4D73-8760-B3AE2D07A117}.Release|Any CPU.Build.0 = Release|Any CPU
		{9BC171A1-94D6-4D73-8760-B3AE2D07A117}.Release|x64.ActiveCfg = Release|Any CPU
		{9BC171A1-94D6-4D73-8760-B3AE2D07A117}.Release|x64.Build.0 = Release|Any CPU
		{9BC171A1-94D6-4D73-8760-B3AE2D07A117}.Release|x86.ActiveCfg = Release|Any CPU
		{9BC171A1-94D6-4D73-8760-B3AE2D07A117}.Release|x86.Build.0 = Release|Any CPU
		{BB8FAEB4-3EEB-44F4-8299-25446FCFE362}.Debug|Any CPU.ActiveCfg = Debug|Any CPU
		{BB8FAEB4-3EEB-44F4-8299-25446FCFE362}.Debug|Any CPU.Build.0 = Debug|Any CPU
		{BB8FAEB4-3EEB-44F4-8299-25446FCFE362}.Debug|x64.ActiveCfg = Debug|Any CPU
		{BB8FAEB4-3EEB-44F4-8299-25446FCFE362}.Debug|x64.Build.0 = Debug|Any CPU
		{BB8FAEB4-3EEB-44F4-8299-25446FCFE362}.Debug|x86.ActiveCfg = Debug|Any CPU
		{BB8FAEB4-3EEB-44F4-8299-25446FCFE362}.Debug|x86.Build.0 = Debug|Any CPU
		{BB8FAEB4-3EEB-44F4-8299-25446FCFE362}.Release|Any CPU.ActiveCfg = Release|Any CPU
		{BB8FAEB4-3EEB-44F4-8299-25446FCFE362}.Release|Any CPU.Build.0 = Release|Any CPU
		{BB8FAEB4-3EEB-44F4-8299-25446FCFE362}.Release|x64.ActiveCfg = Release|Any CPU
		{BB8FAEB4-3EEB-44F4-8299-25446FCFE362}.Release|x64.Build.0 = Release|Any CPU
		{BB8FAEB4-3EEB-44F4-8299-25446FCFE362}.Release|x86.ActiveCfg = Release|Any CPU
		{BB8FAEB4-3EEB-44F4-8299-25446FCFE362}.Release|x86.Build.0 = Release|Any CPU
	EndGlobalSection
	GlobalSection(SolutionProperties) = preSolution
		HideSolutionNode = FALSE
	EndGlobalSection
	GlobalSection(NestedProjects) = preSolution
		{984BB9B3-3FA3-BE33-9484-CAC21695A33C} = {827E0CD3-B72D-47B6-A68D-7590B98EB39B}
		{C91C1CF1-1625-0789-F869-53D87D6277BA} = {984BB9B3-3FA3-BE33-9484-CAC21695A33C}
		{2BB91E8C-692E-4F71-8F84-F260D80E8184} = {C91C1CF1-1625-0789-F869-53D87D6277BA}
		{8788CA2C-6E0A-4D21-A153-240B3400E64C} = {C91C1CF1-1625-0789-F869-53D87D6277BA}
		{E03391DC-3CCE-49AA-85CA-40A467843C83} = {C91C1CF1-1625-0789-F869-53D87D6277BA}
		{10DE29EB-45FC-41CD-B7FB-B2F6251DF1A9} = {C91C1CF1-1625-0789-F869-53D87D6277BA}
		{583F9C51-22B8-59F5-4A60-045B52DD079E} = {C91C1CF1-1625-0789-F869-53D87D6277BA}
		{9BC171A1-94D6-4D73-8760-B3AE2D07A117} = {583F9C51-22B8-59F5-4A60-045B52DD079E}
		{BB8FAEB4-3EEB-44F4-8299-25446FCFE362} = {583F9C51-22B8-59F5-4A60-045B52DD079E}
	EndGlobalSection
EndGlobal
